
Microsoft Visual Studio Solution File, Format Version 12.00
# Visual Studio Version 17
VisualStudioVersion = 17.0.31521.260
MinimumVisualStudioVersion = 10.0.40219.1
Project("{FAE04EC0-301F-11D3-BF4B-00C04F79EFBC}") = "Compilador", "Compilador.csproj", "{EAE4E7EA-075B-4534-B93F-3258B9FABF58}"
EndProject
Global
	GlobalSection(SolutionConfigurationPlatforms) = preSolution
		Debug|Any CPU = Debug|Any CPU
		Release|Any CPU = Release|Any CPU
	EndGlobalSection
	GlobalSection(ProjectConfigurationPlatforms) = postSolution
		{EAE4E7EA-075B-4534-B93F-3258B9FABF58}.Debug|Any CPU.ActiveCfg = Debug|Any CPU
		{EAE4E7EA-075B-4534-B93F-3258B9FABF58}.Debug|Any CPU.Build.0 = Debug|Any CPU
		{EAE4E7EA-075B-4534-B93F-3258B9FABF58}.Release|Any CPU.ActiveCfg = Release|Any CPU
		{EAE4E7EA-075B-4534-B93F-3258B9FABF58}.Release|Any CPU.Build.0 = Release|Any CPU
	EndGlobalSection
	GlobalSection(SolutionProperties) = preSolution
		HideSolutionNode = FALSE
	EndGlobalSection
	GlobalSection(ExtensibilityGlobals) = postSolution
		SolutionGuid = {B6215979-1771-4748-96AE-D1C8D47E37E1}
	EndGlobalSection
EndGlobal
